
Microsoft Visual Studio Solution File, Format Version 12.00
# Visual Studio Version 16
VisualStudioVersion = 16.0.29418.71
MinimumVisualStudioVersion = 10.0.40219.1
Project("{FAE04EC0-301F-11D3-BF4B-00C04F79EFBC}") = "DoAn1_QL_BBKH", "DoAn1_QL_BBKH\DoAn1_QL_BBKH.csproj", "{26D706F8-C13B-4772-8255-A2FA042A08C9}"
EndProject
Global
	GlobalSection(SolutionConfigurationPlatforms) = preSolution
		Debug|Any CPU = Debug|Any CPU
		Release|Any CPU = Release|Any CPU
	EndGlobalSection
	GlobalSection(ProjectConfigurationPlatforms) = postSolution
		{26D706F8-C13B-4772-8255-A2FA042A08C9}.Debug|Any CPU.ActiveCfg = Debug|Any CPU
		{26D706F8-C13B-4772-8255-A2FA042A08C9}.Debug|Any CPU.Build.0 = Debug|Any CPU
		{26D706F8-C13B-4772-8255-A2FA042A08C9}.Release|Any CPU.ActiveCfg = Release|Any CPU
		{26D706F8-C13B-4772-8255-A2FA042A08C9}.Release|Any CPU.Build.0 = Release|Any CPU
	EndGlobalSection
	GlobalSection(SolutionProperties) = preSolution
		HideSolutionNode = FALSE
	EndGlobalSection
	GlobalSection(ExtensibilityGlobals) = postSolution
		SolutionGuid = {B16937B9-98B8-42B6-B08D-40BA4B1E34B3}
	EndGlobalSection
EndGlobal
